
Microsoft Visual Studio Solution File, Format Version 12.00
# Visual Studio 15
VisualStudioVersion = 15.0.27428.1
MinimumVisualStudioVersion = 10.0.40219.1
Project("{FAE04EC0-301F-11D3-BF4B-00C04F79EFBC}") = "MyLibrary", "MyLibrary.csproj", "{404E44A1-DC9F-4C3F-A1DB-4283D69343D5}"
EndProject
Project("{FAE04EC0-301F-11D3-BF4B-00C04F79EFBC}") = "MyLibrary.Tests", "MyLibrary.Tests\MyLibrary.Tests.csproj", "{549CB796-49AB-4D1A-9A9B-3AF24842447A}"
EndProject
Global
	GlobalSection(SolutionConfigurationPlatforms) = preSolution
		Debug|Any CPU = Debug|Any CPU
		Release|Any CPU = Release|Any CPU
	EndGlobalSection
	GlobalSection(ProjectConfigurationPlatforms) = postSolution
		{404E44A1-DC9F-4C3F-A1DB-4283D69343D5}.Debug|Any CPU.ActiveCfg = Debug|Any CPU
		{404E44A1-DC9F-4C3F-A1DB-4283D69343D5}.Debug|Any CPU.Build.0 = Debug|Any CPU
		{404E44A1-DC9F-4C3F-A1DB-4283D69343D5}.Release|Any CPU.ActiveCfg = Release|Any CPU
		{404E44A1-DC9F-4C3F-A1DB-4283D69343D5}.Release|Any CPU.Build.0 = Release|Any CPU
		{549CB796-49AB-4D1A-9A9B-3AF24842447A}.Debug|Any CPU.ActiveCfg = Debug|Any CPU
		{549CB796-49AB-4D1A-9A9B-3AF24842447A}.Debug|Any CPU.Build.0 = Debug|Any CPU
		{549CB796-49AB-4D1A-9A9B-3AF24842447A}.Release|Any CPU.ActiveCfg = Release|Any CPU
		{549CB796-49AB-4D1A-9A9B-3AF24842447A}.Release|Any CPU.Build.0 = Release|Any CPU
	EndGlobalSection
	GlobalSection(SolutionProperties) = preSolution
		HideSolutionNode = FALSE
	EndGlobalSection
	GlobalSection(ExtensibilityGlobals) = postSolution
		SolutionGuid = {15D90B8B-D383-4A47-977B-79CCA63D6951}
	EndGlobalSection
EndGlobal
